// !$*UTF8*$!
{
	archiveVersion = 1;
	classes = {
	};
	objectVersion = 46;
	objects = {

/* Begin PBXBuildFile section */
		13FA66F81CE6B4AE002DBFD1 /* main.m in Sources */ = {isa = PBXBuildFile; fileRef = 13FA66F71CE6B4AE002DBFD1 /* main.m */; };
		13FA66FB1CE6B4AE002DBFD1 /* AppDelegate.m in Sources */ = {isa = PBXBuildFile; fileRef = 13FA66FA1CE6B4AE002DBFD1 /* AppDelegate.m */; };
		13FA66FE1CE6B4AE002DBFD1 /* ViewController.m in Sources */ = {isa = PBXBuildFile; fileRef = 13FA66FD1CE6B4AE002DBFD1 /* ViewController.m */; };
		13FA67011CE6B4AE002DBFD1 /* Main.storyboard in Resources */ = {isa = PBXBuildFile; fileRef = 13FA66FF1CE6B4AE002DBFD1 /* Main.storyboard */; };
		13FA67041CE6B4AE002DBFD1 /* __studio.xcdatamodeld in Sources */ = {isa = PBXBuildFile; fileRef = 13FA67021CE6B4AE002DBFD1 /* __studio.xcdatamodeld */; };
		13FA67061CE6B4AE002DBFD1 /* Assets.xcassets in Resources */ = {isa = PBXBuildFile; fileRef = 13FA67051CE6B4AE002DBFD1 /* Assets.xcassets */; };
		13FA67091CE6B4AE002DBFD1 /* LaunchScreen.storyboard in Resources */ = {isa = PBXBuildFile; fileRef = 13FA67071CE6B4AE002DBFD1 /* LaunchScreen.storyboard */; };
		13FA67141CE6B4AE002DBFD1 /* __studioTests.m in Sources */ = {isa = PBXBuildFile; fileRef = 13FA67131CE6B4AE002DBFD1 /* __studioTests.m */; };
		13FA671F1CE6B4AE002DBFD1 /* __studioUITests.m in Sources */ = {isa = PBXBuildFile; fileRef = 13FA671E1CE6B4AE002DBFD1 /* __studioUITests.m */; };
/* End PBXBuildFile section */

/* Begin PBXContainerItemProxy section */
		13FA67101CE6B4AE002DBFD1 /* PBXContainerItemProxy */ = {
			isa = PBXContainerItemProxy;
			containerPortal = 13FA66EB1CE6B4AE002DBFD1 /* Project object */;
			proxyType = 1;
			remoteGlobalIDString = 13FA66F21CE6B4AE002DBFD1;
			remoteInfo = "潮品studio";
		};
		13FA671B1CE6B4AE002DBFD1 /* PBXContainerItemProxy */ = {
			isa = PBXContainerItemProxy;
			containerPortal = 13FA66EB1CE6B4AE002DBFD1 /* Project object */;
			proxyType = 1;
			remoteGlobalIDString = 13FA66F21CE6B4AE002DBFD1;
			remoteInfo = "潮品studio";
		};
/* End PBXContainerItemProxy section */

/* Begin PBXFileReference section */
		13FA66F31CE6B4AE002DBFD1 /* 潮品studio.app */ = {isa = PBXFileReference; explicitFileType = wrapper.application; includeInIndex = 0; path = "潮品studio.app"; sourceTree = BUILT_PRODUCTS_DIR; };
		13FA66F71CE6B4AE002DBFD1 /* main.m */ = {isa = PBXFileReference; lastKnownFileType = sourcecode.c.objc; path = main.m; sourceTree = "<group>"; };
		13FA66F91CE6B4AE002DBFD1 /* AppDelegate.h */ = {isa = PBXFileReference; lastKnownFileType = sourcecode.c.h; path = AppDelegate.h; sourceTree = "<group>"; };
		13FA66FA1CE6B4AE002DBFD1 /* AppDelegate.m */ = {isa = PBXFileReference; lastKnownFileType = sourcecode.c.objc; path = AppDelegate.m; sourceTree = "<group>"; };
		13FA66FC1CE6B4AE002DBFD1 /* ViewController.h */ = {isa = PBXFileReference; lastKnownFileType = sourcecode.c.h; path = ViewController.h; sourceTree = "<group>"; };
		13FA66FD1CE6B4AE002DBFD1 /* ViewController.m */ = {isa = PBXFileReference; lastKnownFileType = sourcecode.c.objc; path = ViewController.m; sourceTree = "<group>"; };
		13FA67001CE6B4AE002DBFD1 /* Base */ = {isa = PBXFileReference; lastKnownFileType = file.storyboard; name = Base; path = Base.lproj/Main.storyboard; sourceTree = "<group>"; };
		13FA67031CE6B4AE002DBFD1 /* __studio.xcdatamodel */ = {isa = PBXFileReference; lastKnownFileType = wrapper.xcdatamodel; path = __studio.xcdatamodel; sourceTree = "<group>"; };
		13FA67051CE6B4AE002DBFD1 /* Assets.xcassets */ = {isa = PBXFileReference; lastKnownFileType = folder.assetcatalog; path = Assets.xcassets; sourceTree = "<group>"; };
		13FA67081CE6B4AE002DBFD1 /* Base */ = {isa = PBXFileReference; lastKnownFileType = file.storyboard; name = Base; path = Base.lproj/LaunchScreen.storyboard; sourceTree = "<group>"; };
		13FA670A1CE6B4AE002DBFD1 /* Info.plist */ = {isa = PBXFileReference; lastKnownFileType = text.plist.xml; path = Info.plist; sourceTree = "<group>"; };
		13FA670F1CE6B4AE002DBFD1 /* 潮品studioTests.xctest */ = {isa = PBXFileReference; explicitFileType = wrapper.cfbundle; includeInIndex = 0; path = "潮品studioTests.xctest"; sourceTree = BUILT_PRODUCTS_DIR; };
		13FA67131CE6B4AE002DBFD1 /* __studioTests.m */ = {isa = PBXFileReference; lastKnownFileType = sourcecode.c.objc; path = __studioTests.m; sourceTree = "<group>"; };
		13FA67151CE6B4AE002DBFD1 /* Info.plist */ = {isa = PBXFileReference; lastKnownFileType = text.plist.xml; path = Info.plist; sourceTree = "<group>"; };
		13FA671A1CE6B4AE002DBFD1 /* 潮品studioUITests.xctest */ = {isa = PBXFileReference; explicitFileType = wrapper.cfbundle; includeInIndex = 0; path = "潮品studioUITests.xctest"; sourceTree = BUILT_PRODUCTS_DIR; };
		13FA671E1CE6B4AE002DBFD1 /* __studioUITests.m */ = {isa = PBXFileReference; lastKnownFileType = sourcecode.c.objc; path = __studioUITests.m; sourceTree = "<group>"; };
		13FA67201CE6B4AE002DBFD1 /* Info.plist */ = {isa = PBXFileReference; lastKnownFileType = text.plist.xml; path = Info.plist; sourceTree = "<group>"; };
/* End PBXFileReference section */

/* Begin PBXFrameworksBuildPhase section */
		13FA66F01CE6B4AE002DBFD1 /* Frameworks */ = {
			isa = PBXFrameworksBuildPhase;
			buildActionMask = 2147483647;
			files = (
			);
			runOnlyForDeploymentPostprocessing = 0;
		};
		13FA670C1CE6B4AE002DBFD1 /* Frameworks */ = {
			isa = PBXFrameworksBuildPhase;
			buildActionMask = 2147483647;
			files = (
			);
			runOnlyForDeploymentPostprocessing = 0;
		};
		13FA67171CE6B4AE002DBFD1 /* Frameworks */ = {
			isa = PBXFrameworksBuildPhase;
			buildActionMask = 2147483647;
			files = (
			);
			runOnlyForDeploymentPostprocessing = 0;
		};
/* End PBXFrameworksBuildPhase section */

/* Begin PBXGroup section */
		13FA66EA1CE6B4AE002DBFD1 = {
			isa = PBXGroup;
			children = (
				13FA66F51CE6B4AE002DBFD1 /* 潮品studio */,
				13FA67121CE6B4AE002DBFD1 /* 潮品studioTests */,
				13FA671D1CE6B4AE002DBFD1 /* 潮品studioUITests */,
				13FA66F41CE6B4AE002DBFD1 /* Products */,
			);
			sourceTree = "<group>";
		};
		13FA66F41CE6B4AE002DBFD1 /* Products */ = {
			isa = PBXGroup;
			children = (
				13FA66F31CE6B4AE002DBFD1 /* 潮品studio.app */,
				13FA670F1CE6B4AE002DBFD1 /* 潮品studioTests.xctest */,
				13FA671A1CE6B4AE002DBFD1 /* 潮品studioUITests.xctest */,
			);
			name = Products;
			sourceTree = "<group>";
		};
		13FA66F51CE6B4AE002DBFD1 /* 潮品studio */ = {
			isa = PBXGroup;
			children = (
				13FA66F91CE6B4AE002DBFD1 /* AppDelegate.h */,
				13FA66FA1CE6B4AE002DBFD1 /* AppDelegate.m */,
				13FA66FC1CE6B4AE002DBFD1 /* ViewController.h */,
				13FA66FD1CE6B4AE002DBFD1 /* ViewController.m */,
				13FA66FF1CE6B4AE002DBFD1 /* Main.storyboard */,
				13FA67051CE6B4AE002DBFD1 /* Assets.xcassets */,
				13FA67071CE6B4AE002DBFD1 /* LaunchScreen.storyboard */,
				13FA670A1CE6B4AE002DBFD1 /* Info.plist */,
				13FA67021CE6B4AE002DBFD1 /* __studio.xcdatamodeld */,
				13FA66F61CE6B4AE002DBFD1 /* Supporting Files */,
			);
			path = "潮品studio";
			sourceTree = "<group>";
		};
		13FA66F61CE6B4AE002DBFD1 /* Supporting Files */ = {
			isa = PBXGroup;
			children = (
				13FA66F71CE6B4AE002DBFD1 /* main.m */,
			);
			name = "Supporting Files";
			sourceTree = "<group>";
		};
		13FA67121CE6B4AE002DBFD1 /* 潮品studioTests */ = {
			isa = PBXGroup;
			children = (
				13FA67131CE6B4AE002DBFD1 /* __studioTests.m */,
				13FA67151CE6B4AE002DBFD1 /* Info.plist */,
			);
			path = "潮品studioTests";
			sourceTree = "<group>";
		};
		13FA671D1CE6B4AE002DBFD1 /* 潮品studioUITests */ = {
			isa = PBXGroup;
			children = (
				13FA671E1CE6B4AE002DBFD1 /* __studioUITests.m */,
				13FA67201CE6B4AE002DBFD1 /* Info.plist */,
			);
			path = "潮品studioUITests";
			sourceTree = "<group>";
		};
/* End PBXGroup section */

/* Begin PBXNativeTarget section */
		13FA66F21CE6B4AE002DBFD1 /* 潮品studio */ = {
			isa = PBXNativeTarget;
			buildConfigurationList = 13FA67231CE6B4AE002DBFD1 /* Build configuration list for PBXNativeTarget "潮品studio" */;
			buildPhases = (
				13FA66EF1CE6B4AE002DBFD1 /* Sources */,
				13FA66F01CE6B4AE002DBFD1 /* Frameworks */,
				13FA66F11CE6B4AE002DBFD1 /* Resources */,
			);
			buildRules = (
			);
			dependencies = (
			);
			name = "潮品studio";
			productName = "潮品studio";
			productReference = 13FA66F31CE6B4AE002DBFD1 /* 潮品studio.app */;
			productType = "com.apple.product-type.application";
		};
		13FA670E1CE6B4AE002DBFD1 /* 潮品studioTests */ = {
			isa = PBXNativeTarget;
			buildConfigurationList = 13FA67261CE6B4AE002DBFD1 /* Build configuration list for PBXNativeTarget "潮品studioTests" */;
			buildPhases = (
				13FA670B1CE6B4AE002DBFD1 /* Sources */,
				13FA670C1CE6B4AE002DBFD1 /* Frameworks */,
				13FA670D1CE6B4AE002DBFD1 /* Resources */,
			);
			buildRules = (
			);
			dependencies = (
				13FA67111CE6B4AE002DBFD1 /* PBXTargetDependency */,
			);
			name = "潮品studioTests";
			productName = "潮品studioTests";
			productReference = 13FA670F1CE6B4AE002DBFD1 /* 潮品studioTests.xctest */;
			productType = "com.apple.product-type.bundle.unit-test";
		};
		13FA67191CE6B4AE002DBFD1 /* 潮品studioUITests */ = {
			isa = PBXNativeTarget;
			buildConfigurationList = 13FA67291CE6B4AE002DBFD1 /* Build configuration list for PBXNativeTarget "潮品studioUITests" */;
			buildPhases = (
				13FA67161CE6B4AE002DBFD1 /* Sources */,
				13FA67171CE6B4AE002DBFD1 /* Frameworks */,
				13FA67181CE6B4AE002DBFD1 /* Resources */,
			);
			buildRules = (
			);
			dependencies = (
				13FA671C1CE6B4AE002DBFD1 /* PBXTargetDependency */,
			);
			name = "潮品studioUITests";
			productName = "潮品studioUITests";
			productReference = 13FA671A1CE6B4AE002DBFD1 /* 潮品studioUITests.xctest */;
			productType = "com.apple.product-type.bundle.ui-testing";
		};
/* End PBXNativeTarget section */

/* Begin PBXProject section */
		13FA66EB1CE6B4AE002DBFD1 /* Project object */ = {
			isa = PBXProject;
			attributes = {
				LastUpgradeCheck = 0730;
				ORGANIZATIONNAME = "潮品科技";
				TargetAttributes = {
					13FA66F21CE6B4AE002DBFD1 = {
						CreatedOnToolsVersion = 7.3.1;
					};
					13FA670E1CE6B4AE002DBFD1 = {
						CreatedOnToolsVersion = 7.3.1;
						TestTargetID = 13FA66F21CE6B4AE002DBFD1;
					};
					13FA67191CE6B4AE002DBFD1 = {
						CreatedOnToolsVersion = 7.3.1;
						TestTargetID = 13FA66F21CE6B4AE002DBFD1;
					};
				};
			};
			buildConfigurationList = 13FA66EE1CE6B4AE002DBFD1 /* Build configuration list for PBXProject "潮品studio" */;
			compatibilityVersion = "Xcode 3.2";
			developmentRegion = English;
			hasScannedForEncodings = 0;
			knownRegions = (
				en,
				Base,
			);
			mainGroup = 13FA66EA1CE6B4AE002DBFD1;
			productRefGroup = 13FA66F41CE6B4AE002DBFD1 /* Products */;
			projectDirPath = "";
			projectRoot = "";
			targets = (
				13FA66F21CE6B4AE002DBFD1 /* 潮品studio */,
				13FA670E1CE6B4AE002DBFD1 /* 潮品studioTests */,
				13FA67191CE6B4AE002DBFD1 /* 潮品studioUITests */,
			);
		};
/* End PBXProject section */

/* Begin PBXResourcesBuildPhase section */
		13FA66F11CE6B4AE002DBFD1 /* Resources */ = {
			isa = PBXResourcesBuildPhase;
			buildActionMask = 2147483647;
			files = (
				13FA67091CE6B4AE002DBFD1 /* LaunchScreen.storyboard in Resources */,
				13FA67061CE6B4AE002DBFD1 /* Assets.xcassets in Resources */,
				13FA67011CE6B4AE002DBFD1 /* Main.storyboard in Resources */,
			);
			runOnlyForDeploymentPostprocessing = 0;
		};
		13FA670D1CE6B4AE002DBFD1 /* Resources */ = {
			isa = PBXResourcesBuildPhase;
			buildActionMask = 2147483647;
			files = (
			);
			runOnlyForDeploymentPostprocessing = 0;
		};
		13FA67181CE6B4AE002DBFD1 /* Resources */ = {
			isa = PBXResourcesBuildPhase;
			buildActionMask = 2147483647;
			files = (
			);
			runOnlyForDeploymentPostprocessing = 0;
		};
/* End PBXResourcesBuildPhase section */

/* Begin PBXSourcesBuildPhase section */
		13FA66EF1CE6B4AE002DBFD1 /* Sources */ = {
			isa = PBXSourcesBuildPhase;
			buildActionMask = 2147483647;
			files = (
				13FA66FE1CE6B4AE002DBFD1 /* ViewController.m in Sources */,
				13FA66FB1CE6B4AE002DBFD1 /* AppDelegate.m in Sources */,
				13FA66F81CE6B4AE002DBFD1 /* main.m in Sources */,
				13FA67041CE6B4AE002DBFD1 /* __studio.xcdatamodeld in Sources */,
			);
			runOnlyForDeploymentPostprocessing = 0;
		};
		13FA670B1CE6B4AE002DBFD1 /* Sources */ = {
			isa = PBXSourcesBuildPhase;
			buildActionMask = 2147483647;
			files = (
				13FA67141CE6B4AE002DBFD1 /* __studioTests.m in Sources */,
			);
			runOnlyForDeploymentPostprocessing = 0;
		};
		13FA67161CE6B4AE002DBFD1 /* Sources */ = {
			isa = PBXSourcesBuildPhase;
			buildActionMask = 2147483647;
			files = (
				13FA671F1CE6B4AE002DBFD1 /* __studioUITests.m in Sources */,
			);
			runOnlyForDeploymentPostprocessing = 0;
		};
/* End PBXSourcesBuildPhase section */

/* Begin PBXTargetDependency section */
		13FA67111CE6B4AE002DBFD1 /* PBXTargetDependency */ = {
			isa = PBXTargetDependency;
			target = 13FA66F21CE6B4AE002DBFD1 /* 潮品studio */;
			targetProxy = 13FA67101CE6B4AE002DBFD1 /* PBXContainerItemProxy */;
		};
		13FA671C1CE6B4AE002DBFD1 /* PBXTargetDependency */ = {
			isa = PBXTargetDependency;
			target = 13FA66F21CE6B4AE002DBFD1 /* 潮品studio */;
			targetProxy = 13FA671B1CE6B4AE002DBFD1 /* PBXContainerItemProxy */;
		};
/* End PBXTargetDependency section */

/* Begin PBXVariantGroup section */
		13FA66FF1CE6B4AE002DBFD1 /* Main.storyboard */ = {
			isa = PBXVariantGroup;
			children = (
				13FA67001CE6B4AE002DBFD1 /* Base */,
			);
			name = Main.storyboard;
			sourceTree = "<group>";
		};
		13FA67071CE6B4AE002DBFD1 /* LaunchScreen.storyboard */ = {
			isa = PBXVariantGroup;
			children = (
				13FA67081CE6B4AE002DBFD1 /* Base */,
			);
			name = LaunchScreen.storyboard;
			sourceTree = "<group>";
		};
/* End PBXVariantGroup section */

/* Begin XCBuildConfiguration section */
		13FA67211CE6B4AE002DBFD1 /* Debug */ = {
			isa = XCBuildConfiguration;
			buildSettings = {
				ALWAYS_SEARCH_USER_PATHS = NO;
				CLANG_ANALYZER_NONNULL = YES;
				CLANG_CXX_LANGUAGE_STANDARD = "gnu++0x";
				CLANG_CXX_LIBRARY = "libc++";
				CLANG_ENABLE_MODULES = YES;
				CLANG_ENABLE_OBJC_ARC = YES;
				CLANG_WARN_BOOL_CONVERSION = YES;
				CLANG_WARN_CONSTANT_CONVERSION = YES;
				CLANG_WARN_DIRECT_OBJC_ISA_USAGE = YES_ERROR;
				CLANG_WARN_EMPTY_BODY = YES;
				CLANG_WARN_ENUM_CONVERSION = YES;
				CLANG_WARN_INT_CONVERSION = YES;
				CLANG_WARN_OBJC_ROOT_CLASS = YES_ERROR;
				CLANG_WARN_UNREACHABLE_CODE = YES;
				CLANG_WARN__DUPLICATE_METHOD_MATCH = YES;
				"CODE_SIGN_IDENTITY[sdk=iphoneos*]" = "iPhone Developer";
				COPY_PHASE_STRIP = NO;
				DEBUG_INFORMATION_FORMAT = dwarf;
				ENABLE_STRICT_OBJC_MSGSEND = YES;
				ENABLE_TESTABILITY = YES;
				GCC_C_LANGUAGE_STANDARD = gnu99;
				GCC_DYNAMIC_NO_PIC = NO;
				GCC_NO_COMMON_BLOCKS = YES;
				GCC_OPTIMIZATION_LEVEL = 0;
				GCC_PREPROCESSOR_DEFINITIONS = (
					"DEBUG=1",
					"$(inherited)",
				);
				GCC_WARN_64_TO_32_BIT_CONVERSION = YES;
				GCC_WARN_ABOUT_RETURN_TYPE = YES_ERROR;
				GCC_WARN_UNDECLARED_SELECTOR = YES;
				GCC_WARN_UNINITIALIZED_AUTOS = YES_AGGRESSIVE;
				GCC_WARN_UNUSED_FUNCTION = YES;
				GCC_WARN_UNUSED_VARIABLE = YES;
				IPHONEOS_DEPLOYMENT_TARGET = 9.3;
				MTL_ENABLE_DEBUG_INFO = YES;
				ONLY_ACTIVE_ARCH = YES;
				SDKROOT = iphoneos;
				TARGETED_DEVICE_FAMILY = "1,2";
			};
			name = Debug;
		};
		13FA67221CE6B4AE002DBFD1 /* Release */ = {
			isa = XCBuildConfiguration;
			buildSettings = {
				ALWAYS_SEARCH_USER_PATHS = NO;
				CLANG_ANALYZER_NONNULL = YES;
				CLANG_CXX_LANGUAGE_STANDARD = "gnu++0x";
				CLANG_CXX_LIBRARY = "libc++";
				CLANG_ENABLE_MODULES = YES;
				CLANG_ENABLE_OBJC_ARC = YES;
				CLANG_WARN_BOOL_CONVERSION = YES;
				CLANG_WARN_CONSTANT_CONVERSION = YES;
				CLANG_WARN_DIRECT_OBJC_ISA_USAGE = YES_ERROR;
				CLANG_WARN_EMPTY_BODY = YES;
				CLANG_WARN_ENUM_CONVERSION = YES;
				CLANG_WARN_INT_CONVERSION = YES;
				CLANG_WARN_OBJC_ROOT_CLASS = YES_ERROR;
				CLANG_WARN_UNREACHABLE_CODE = YES;
				CLANG_WARN__DUPLICATE_METHOD_MATCH = YES;
				"CODE_SIGN_IDENTITY[sdk=iphoneos*]" = "iPhone Developer";
				COPY_PHASE_STRIP = NO;
				DEBUG_INFORMATION_FORMAT = "dwarf-with-dsym";
				ENABLE_NS_ASSERTIONS = NO;
				ENABLE_STRICT_OBJC_MSGSEND = YES;
				GCC_C_LANGUAGE_STANDARD = gnu99;
				GCC_NO_COMMON_BLOCKS = YES;
				GCC_WARN_64_TO_32_BIT_CONVERSION = YES;
				GCC_WARN_ABOUT_RETURN_TYPE = YES_ERROR;
				GCC_WARN_UNDECLARED_SELECTOR = YES;
				GCC_WARN_UNINITIALIZED_AUTOS = YES_AGGRESSIVE;
				GCC_WARN_UNUSED_FUNCTION = YES;
				GCC_WARN_UNUSED_VARIABLE = YES;
				IPHONEOS_DEPLOYMENT_TARGET = 9.3;
				MTL_ENABLE_DEBUG_INFO = NO;
				SDKROOT = iphoneos;
				TARGETED_DEVICE_FAMILY = "1,2";
				VALIDATE_PRODUCT = YES;
			};
			name = Release;
		};
		13FA67241CE6B4AE002DBFD1 /* Debug */ = {
			isa = XCBuildConfiguration;
			buildSettings = {
				ASSETCATALOG_COMPILER_APPICON_NAME = AppIcon;
				INFOPLIST_FILE = "潮品studio/Info.plist";
				LD_RUNPATH_SEARCH_PATHS = "$(inherited) @executable_path/Frameworks";
				PRODUCT_BUNDLE_IDENTIFIER = "chaopin.--studio";
				PRODUCT_NAME = "$(TARGET_NAME)";
			};
			name = Debug;
		};
		13FA67251CE6B4AE002DBFD1 /* Release */ = {
			isa = XCBuildConfiguration;
			buildSettings = {
				ASSETCATALOG_COMPILER_APPICON_NAME = AppIcon;
				INFOPLIST_FILE = "潮品studio/Info.plist";
				LD_RUNPATH_SEARCH_PATHS = "$(inherited) @executable_path/Frameworks";
				PRODUCT_BUNDLE_IDENTIFIER = "chaopin.--studio";
				PRODUCT_NAME = "$(TARGET_NAME)";
			};
			name = Release;
		};
		13FA67271CE6B4AE002DBFD1 /* Debug */ = {
			isa = XCBuildConfiguration;
			buildSettings = {
				BUNDLE_LOADER = "$(TEST_HOST)";
				INFOPLIST_FILE = "潮品studioTests/Info.plist";
				LD_RUNPATH_SEARCH_PATHS = "$(inherited) @executable_path/Frameworks @loader_path/Frameworks";
				PRODUCT_BUNDLE_IDENTIFIER = "chaopin.--studioTests";
				PRODUCT_NAME = "$(TARGET_NAME)";
				TEST_HOST = "$(BUILT_PRODUCTS_DIR)/潮品studio.app/潮品studio";
			};
			name = Debug;
		};
		13FA67281CE6B4AE002DBFD1 /* Release */ = {
			isa = XCBuildConfiguration;
			buildSettings = {
				BUNDLE_LOADER = "$(TEST_HOST)";
				INFOPLIST_FILE = "潮品studioTests/Info.plist";
				LD_RUNPATH_SEARCH_PATHS = "$(inherited) @executable_path/Frameworks @loader_path/Frameworks";
				PRODUCT_BUNDLE_IDENTIFIER = "chaopin.--studioTests";
				PRODUCT_NAME = "$(TARGET_NAME)";
				TEST_HOST = "$(BUILT_PRODUCTS_DIR)/潮品studio.app/潮品studio";
			};
			name = Release;
		};
		13FA672A1CE6B4AE002DBFD1 /* Debug */ = {
			isa = XCBuildConfiguration;
			buildSettings = {
				INFOPLIST_FILE = "潮品studioUITests/Info.plist";
				LD_RUNPATH_SEARCH_PATHS = "$(inherited) @executable_path/Frameworks @loader_path/Frameworks";
				PRODUCT_BUNDLE_IDENTIFIER = "chaopin.--studioUITests";
				PRODUCT_NAME = "$(TARGET_NAME)";
				TEST_TARGET_NAME = "潮品studio";
			};
			name = Debug;
		};
		13FA672B1CE6B4AE002DBFD1 /* Release */ = {
			isa = XCBuildConfiguration;
			buildSettings = {
				INFOPLIST_FILE = "潮品studioUITests/Info.plist";
				LD_RUNPATH_SEARCH_PATHS = "$(inherited) @executable_path/Frameworks @loader_path/Frameworks";
				PRODUCT_BUNDLE_IDENTIFIER = "chaopin.--studioUITests";
				PRODUCT_NAME = "$(TARGET_NAME)";
				TEST_TARGET_NAME = "潮品studio";
			};
			name = Release;
		};
/* End XCBuildConfiguration section */

/* Begin XCConfigurationList section */
		13FA66EE1CE6B4AE002DBFD1 /* Build configuration list for PBXProject "潮品studio" */ = {
			isa = XCConfigurationList;
			buildConfigurations = (
				13FA67211CE6B4AE002DBFD1 /* Debug */,
				13FA67221CE6B4AE002DBFD1 /* Release */,
			);
			defaultConfigurationIsVisible = 0;
			defaultConfigurationName = Release;
		};
		13FA67231CE6B4AE002DBFD1 /* Build configuration list for PBXNativeTarget "潮品studio" */ = {
			isa = XCConfigurationList;
			buildConfigurations = (
				13FA67241CE6B4AE002DBFD1 /* Debug */,
				13FA67251CE6B4AE002DBFD1 /* Release */,
			);
			defaultConfigurationIsVisible = 0;
		};
		13FA67261CE6B4AE002DBFD1 /* Build configuration list for PBXNativeTarget "潮品studioTests" */ = {
			isa = XCConfigurationList;
			buildConfigurations = (
				13FA67271CE6B4AE002DBFD1 /* Debug */,
				13FA67281CE6B4AE002DBFD1 /* Release */,
			);
			defaultConfigurationIsVisible = 0;
		};
		13FA67291CE6B4AE002DBFD1 /* Build configuration list for PBXNativeTarget "潮品studioUITests" */ = {
			isa = XCConfigurationList;
			buildConfigurations = (
				13FA672A1CE6B4AE002DBFD1 /* Debug */,
				13FA672B1CE6B4AE002DBFD1 /* Release */,
			);
			defaultConfigurationIsVisible = 0;
		};
/* End XCConfigurationList section */

/* Begin XCVersionGroup section */
		13FA67021CE6B4AE002DBFD1 /* __studio.xcdatamodeld */ = {
			isa = XCVersionGroup;
			children = (
				13FA67031CE6B4AE002DBFD1 /* __studio.xcdatamodel */,
			);
			currentVersion = 13FA67031CE6B4AE002DBFD1 /* __studio.xcdatamodel */;
			path = __studio.xcdatamodeld;
			sourceTree = "<group>";
			versionGroupType = wrapper.xcdatamodel;
		};
/* End XCVersionGroup section */
	};
	rootObject = 13FA66EB1CE6B4AE002DBFD1 /* Project object */;
}
